
Microsoft Visual Studio Solution File, Format Version 12.00
# Visual Studio Version 17
VisualStudioVersion = 17.4.33403.182
MinimumVisualStudioVersion = 10.0.40219.1
Project("{9A19103F-16F7-4668-BE54-9A1E7A4F7556}") = "TeamLibrary", "TeamLibrary\TeamLibrary.csproj", "{DE544FF7-320C-4862-838B-39F5A001D75E}"
EndProject
Project("{2150E333-8FDC-42A3-9474-1A3956D46DE8}") = "Class projects", "Class projects", "{9DC744F0-15CE-4D12-AEBF-AB290BDA7C9E}"
EndProject
Project("{9A19103F-16F7-4668-BE54-9A1E7A4F7556}") = "MSTestProject1", "MSTestProject1\MSTestProject1.csproj", "{48FD4815-669E-458A-BE02-FAE02A3D8A4F}"
EndProject
Project("{9A19103F-16F7-4668-BE54-9A1E7A4F7556}") = "NUnitTestProject1", "NUnitTestProject1\NUnitTestProject1.csproj", "{D5106D70-75B3-4033-931F-C59929FBBD0B}"
EndProject
Project("{9A19103F-16F7-4668-BE54-9A1E7A4F7556}") = "UnitTestHelperLibrary", "UnitTestHelperLibrary\UnitTestHelperLibrary.csproj", "{F6E18C89-BC91-4AB9-A2BD-615597F5180D}"
EndProject
Project("{2150E333-8FDC-42A3-9474-1A3956D46DE8}") = "Solution Items", "Solution Items", "{F74D5E99-D8F2-4DEA-9BD2-EB5B45A68503}"
	ProjectSection(SolutionItems) = preProject
		readme.md = readme.md
		stash.txt = stash.txt
	EndProjectSection
EndProject
Project("{9A19103F-16F7-4668-BE54-9A1E7A4F7556}") = "DataLibrary", "DataLibrary\DataLibrary.csproj", "{13823C96-A6FA-4D13-9138-2EED5D1A6809}"
EndProject
Project("{9A19103F-16F7-4668-BE54-9A1E7A4F7556}") = "UnitTestHelperLibrary1", "UnitTestHelperLibrary1\UnitTestHelperLibrary1.csproj", "{36018D65-EB6C-4980-8FEA-B2051C535F17}"
EndProject
Project("{9A19103F-16F7-4668-BE54-9A1E7A4F7556}") = "TestProject1", "TestProject1\TestProject1.csproj", "{DDA5A761-660C-4271-BBE2-16DD2B64C10E}"
EndProject
Project("{FAE04EC0-301F-11D3-BF4B-00C04F79EFBC}") = "xUnitTestProject2", "xUnitTestProject2\xUnitTestProject2.csproj", "{0FF2BD88-24D4-4837-84A3-55685C5ED510}"
EndProject
Global
	GlobalSection(SolutionConfigurationPlatforms) = preSolution
		Debug|Any CPU = Debug|Any CPU
		Release|Any CPU = Release|Any CPU
	EndGlobalSection
	GlobalSection(ProjectConfigurationPlatforms) = postSolution
		{DE544FF7-320C-4862-838B-39F5A001D75E}.Debug|Any CPU.ActiveCfg = Debug|Any CPU
		{DE544FF7-320C-4862-838B-39F5A001D75E}.Debug|Any CPU.Build.0 = Debug|Any CPU
		{DE544FF7-320C-4862-838B-39F5A001D75E}.Release|Any CPU.ActiveCfg = Release|Any CPU
		{DE544FF7-320C-4862-838B-39F5A001D75E}.Release|Any CPU.Build.0 = Release|Any CPU
		{48FD4815-669E-458A-BE02-FAE02A3D8A4F}.Debug|Any CPU.ActiveCfg = Debug|Any CPU
		{48FD4815-669E-458A-BE02-FAE02A3D8A4F}.Debug|Any CPU.Build.0 = Debug|Any CPU
		{48FD4815-669E-458A-BE02-FAE02A3D8A4F}.Release|Any CPU.ActiveCfg = Release|Any CPU
		{48FD4815-669E-458A-BE02-FAE02A3D8A4F}.Release|Any CPU.Build.0 = Release|Any CPU
		{D5106D70-75B3-4033-931F-C59929FBBD0B}.Debug|Any CPU.ActiveCfg = Debug|Any CPU
		{D5106D70-75B3-4033-931F-C59929FBBD0B}.Debug|Any CPU.Build.0 = Debug|Any CPU
		{D5106D70-75B3-4033-931F-C59929FBBD0B}.Release|Any CPU.ActiveCfg = Release|Any CPU
		{D5106D70-75B3-4033-931F-C59929FBBD0B}.Release|Any CPU.Build.0 = Release|Any CPU
		{F6E18C89-BC91-4AB9-A2BD-615597F5180D}.Debug|Any CPU.ActiveCfg = Debug|Any CPU
		{F6E18C89-BC91-4AB9-A2BD-615597F5180D}.Debug|Any CPU.Build.0 = Debug|Any CPU
		{F6E18C89-BC91-4AB9-A2BD-615597F5180D}.Release|Any CPU.ActiveCfg = Release|Any CPU
		{F6E18C89-BC91-4AB9-A2BD-615597F5180D}.Release|Any CPU.Build.0 = Release|Any CPU
		{13823C96-A6FA-4D13-9138-2EED5D1A6809}.Debug|Any CPU.ActiveCfg = Debug|Any CPU
		{13823C96-A6FA-4D13-9138-2EED5D1A6809}.Debug|Any CPU.Build.0 = Debug|Any CPU
		{13823C96-A6FA-4D13-9138-2EED5D1A6809}.Release|Any CPU.ActiveCfg = Release|Any CPU
		{13823C96-A6FA-4D13-9138-2EED5D1A6809}.Release|Any CPU.Build.0 = Release|Any CPU
		{36018D65-EB6C-4980-8FEA-B2051C535F17}.Debug|Any CPU.ActiveCfg = Debug|Any CPU
		{36018D65-EB6C-4980-8FEA-B2051C535F17}.Debug|Any CPU.Build.0 = Debug|Any CPU
		{36018D65-EB6C-4980-8FEA-B2051C535F17}.Release|Any CPU.ActiveCfg = Release|Any CPU
		{36018D65-EB6C-4980-8FEA-B2051C535F17}.Release|Any CPU.Build.0 = Release|Any CPU
		{DDA5A761-660C-4271-BBE2-16DD2B64C10E}.Debug|Any CPU.ActiveCfg = Debug|Any CPU
		{DDA5A761-660C-4271-BBE2-16DD2B64C10E}.Debug|Any CPU.Build.0 = Debug|Any CPU
		{DDA5A761-660C-4271-BBE2-16DD2B64C10E}.Release|Any CPU.ActiveCfg = Release|Any CPU
		{DDA5A761-660C-4271-BBE2-16DD2B64C10E}.Release|Any CPU.Build.0 = Release|Any CPU
		{0FF2BD88-24D4-4837-84A3-55685C5ED510}.Debug|Any CPU.ActiveCfg = Debug|Any CPU
		{0FF2BD88-24D4-4837-84A3-55685C5ED510}.Debug|Any CPU.Build.0 = Debug|Any CPU
		{0FF2BD88-24D4-4837-84A3-55685C5ED510}.Release|Any CPU.ActiveCfg = Release|Any CPU
		{0FF2BD88-24D4-4837-84A3-55685C5ED510}.Release|Any CPU.Build.0 = Release|Any CPU
	EndGlobalSection
	GlobalSection(SolutionProperties) = preSolution
		HideSolutionNode = FALSE
	EndGlobalSection
	GlobalSection(NestedProjects) = preSolution
		{DE544FF7-320C-4862-838B-39F5A001D75E} = {9DC744F0-15CE-4D12-AEBF-AB290BDA7C9E}
		{F6E18C89-BC91-4AB9-A2BD-615597F5180D} = {9DC744F0-15CE-4D12-AEBF-AB290BDA7C9E}
		{13823C96-A6FA-4D13-9138-2EED5D1A6809} = {9DC744F0-15CE-4D12-AEBF-AB290BDA7C9E}
		{36018D65-EB6C-4980-8FEA-B2051C535F17} = {9DC744F0-15CE-4D12-AEBF-AB290BDA7C9E}
	EndGlobalSection
	GlobalSection(ExtensibilityGlobals) = postSolution
		SolutionGuid = {5CD5F8D1-1AFE-4397-96D5-54A61CF0F713}
	EndGlobalSection
EndGlobal
